
Microsoft Visual Studio Solution File, Format Version 12.00
# Visual Studio 15
VisualStudioVersion = 15.0.26430.14
MinimumVisualStudioVersion = 10.0.40219.1
Project("{8BC9CEB8-8B4A-11D0-8D11-00A0C91BC942}") = "exam1", "exam1\exam1.vcxproj", "{2FCFCC2D-A114-44D5-89E9-6F3710F7CF0C}"
EndProject
Project("{8BC9CEB8-8B4A-11D0-8D11-00A0C91BC942}") = "exam2", "exam2\exam2.vcxproj", "{93874E1A-7A94-4DC3-AD03-9D32AD705402}"
EndProject
Project("{8BC9CEB8-8B4A-11D0-8D11-00A0C91BC942}") = "exam3", "exam3\exam3.vcxproj", "{C90D3F60-F6C9-4F66-8E2B-C82D8923A0CB}"
EndProject
Project("{8BC9CEB8-8B4A-11D0-8D11-00A0C91BC942}") = "exam4", "exam4\exam4.vcxproj", "{8E0B0FE8-615C-4BCC-8E98-8FBF2AC541AD}"
EndProject
Project("{8BC9CEB8-8B4A-11D0-8D11-00A0C91BC942}") = "exam5", "exam5\exam5.vcxproj", "{63883D6E-169E-4167-A511-743A50E7BAB0}"
EndProject
Project("{8BC9CEB8-8B4A-11D0-8D11-00A0C91BC942}") = "exam6", "exam6\exam6.vcxproj", "{A8B9E9EB-04DF-4659-A564-9D9446572909}"
EndProject
Project("{8BC9CEB8-8B4A-11D0-8D11-00A0C91BC942}") = "exam7", "exam7\exam7.vcxproj", "{3815B3AE-A143-46ED-BCA9-EA017AFFBD67}"
EndProject
Project("{8BC9CEB8-8B4A-11D0-8D11-00A0C91BC942}") = "exam8", "exam8\exam8.vcxproj", "{ED280E80-4759-4BE0-9050-731D090D904B}"
EndProject
Project("{8BC9CEB8-8B4A-11D0-8D11-00A0C91BC942}") = "exam9", "exam9\exam9.vcxproj", "{787AB81D-2B28-401F-A6B9-E255D8DCE3A7}"
EndProject
Project("{8BC9CEB8-8B4A-11D0-8D11-00A0C91BC942}") = "exam10", "exam10\exam10.vcxproj", "{E2C0D488-A216-4993-A5AE-F69F7DE7E1C4}"
EndProject
Project("{8BC9CEB8-8B4A-11D0-8D11-00A0C91BC942}") = "exam11", "exam11\exam11.vcxproj", "{EED791D3-1BCE-4A51-AFE9-FA7B73F030CC}"
EndProject
Project("{8BC9CEB8-8B4A-11D0-8D11-00A0C91BC942}") = "exam12", "exam12\exam12.vcxproj", "{6BF41E32-FE70-419A-81B2-CF68662A0AE3}"
EndProject
Project("{8BC9CEB8-8B4A-11D0-8D11-00A0C91BC942}") = "exam13", "exam13\exam13.vcxproj", "{47AFAB65-198F-47EB-972C-AE9303C15DEF}"
EndProject
Project("{8BC9CEB8-8B4A-11D0-8D11-00A0C91BC942}") = "exam14", "exam14\exam14.vcxproj", "{80EF3B33-3B0A-48E7-96CC-B48D20C31D3B}"
EndProject
Global
	GlobalSection(SolutionConfigurationPlatforms) = preSolution
		Debug|x64 = Debug|x64
		Debug|x86 = Debug|x86
		Release|x64 = Release|x64
		Release|x86 = Release|x86
	EndGlobalSection
	GlobalSection(ProjectConfigurationPlatforms) = postSolution
		{2FCFCC2D-A114-44D5-89E9-6F3710F7CF0C}.Debug|x64.ActiveCfg = Debug|x64
		{2FCFCC2D-A114-44D5-89E9-6F3710F7CF0C}.Debug|x64.Build.0 = Debug|x64
		{2FCFCC2D-A114-44D5-89E9-6F3710F7CF0C}.Debug|x86.ActiveCfg = Debug|Win32
		{2FCFCC2D-A114-44D5-89E9-6F3710F7CF0C}.Debug|x86.Build.0 = Debug|Win32
		{2FCFCC2D-A114-44D5-89E9-6F3710F7CF0C}.Release|x64.ActiveCfg = Release|x64
		{2FCFCC2D-A114-44D5-89E9-6F3710F7CF0C}.Release|x64.Build.0 = Release|x64
		{2FCFCC2D-A114-44D5-89E9-6F3710F7CF0C}.Release|x86.ActiveCfg = Release|Win32
		{2FCFCC2D-A114-44D5-89E9-6F3710F7CF0C}.Release|x86.Build.0 = Release|Win32
		{93874E1A-7A94-4DC3-AD03-9D32AD705402}.Debug|x64.ActiveCfg = Debug|x64
		{93874E1A-7A94-4DC3-AD03-9D32AD705402}.Debug|x64.Build.0 = Debug|x64
		{93874E1A-7A94-4DC3-AD03-9D32AD705402}.Debug|x86.ActiveCfg = Debug|Win32
		{93874E1A-7A94-4DC3-AD03-9D32AD705402}.Debug|x86.Build.0 = Debug|Win32
		{93874E1A-7A94-4DC3-AD03-9D32AD705402}.Release|x64.ActiveCfg = Release|x64
		{93874E1A-7A94-4DC3-AD03-9D32AD705402}.Release|x64.Build.0 = Release|x64
		{93874E1A-7A94-4DC3-AD03-9D32AD705402}.Release|x86.ActiveCfg = Release|Win32
		{93874E1A-7A94-4DC3-AD03-9D32AD705402}.Release|x86.Build.0 = Release|Win32
		{C90D3F60-F6C9-4F66-8E2B-C82D8923A0CB}.Debug|x64.ActiveCfg = Debug|x64
		{C90D3F60-F6C9-4F66-8E2B-C82D8923A0CB}.Debug|x64.Build.0 = Debug|x64
		{C90D3F60-F6C9-4F66-8E2B-C82D8923A0CB}.Debug|x86.ActiveCfg = Debug|Win32
		{C90D3F60-F6C9-4F66-8E2B-C82D8923A0CB}.Debug|x86.Build.0 = Debug|Win32
		{C90D3F60-F6C9-4F66-8E2B-C82D8923A0CB}.Release|x64.ActiveCfg = Release|x64
		{C90D3F60-F6C9-4F66-8E2B-C82D8923A0CB}.Release|x64.Build.0 = Release|x64
		{C90D3F60-F6C9-4F66-8E2B-C82D8923A0CB}.Release|x86.ActiveCfg = Release|Win32
		{C90D3F60-F6C9-4F66-8E2B-C82D8923A0CB}.Release|x86.Build.0 = Release|Win32
		{8E0B0FE8-615C-4BCC-8E98-8FBF2AC541AD}.Debug|x64.ActiveCfg = Debug|x64
		{8E0B0FE8-615C-4BCC-8E98-8FBF2AC541AD}.Debug|x64.Build.0 = Debug|x64
		{8E0B0FE8-615C-4BCC-8E98-8FBF2AC541AD}.Debug|x86.ActiveCfg = Debug|Win32
		{8E0B0FE8-615C-4BCC-8E98-8FBF2AC541AD}.Debug|x86.Build.0 = Debug|Win32
		{8E0B0FE8-615C-4BCC-8E98-8FBF2AC541AD}.Release|x64.ActiveCfg = Release|x64
		{8E0B0FE8-615C-4BCC-8E98-8FBF2AC541AD}.Release|x64.Build.0 = Release|x64
		{8E0B0FE8-615C-4BCC-8E98-8FBF2AC541AD}.Release|x86.ActiveCfg = Release|Win32
		{8E0B0FE8-615C-4BCC-8E98-8FBF2AC541AD}.Release|x86.Build.0 = Release|Win32
		{63883D6E-169E-4167-A511-743A50E7BAB0}.Debug|x64.ActiveCfg = Debug|x64
		{63883D6E-169E-4167-A511-743A50E7BAB0}.Debug|x64.Build.0 = Debug|x64
		{63883D6E-169E-4167-A511-743A50E7BAB0}.Debug|x86.ActiveCfg = Debug|Win32
		{63883D6E-169E-4167-A511-743A50E7BAB0}.Debug|x86.Build.0 = Debug|Win32
		{63883D6E-169E-4167-A511-743A50E7BAB0}.Release|x64.ActiveCfg = Release|x64
		{63883D6E-169E-4167-A511-743A50E7BAB0}.Release|x64.Build.0 = Release|x64
		{63883D6E-169E-4167-A511-743A50E7BAB0}.Release|x86.ActiveCfg = Release|Win32
		{63883D6E-169E-4167-A511-743A50E7BAB0}.Release|x86.Build.0 = Release|Win32
		{A8B9E9EB-04DF-4659-A564-9D9446572909}.Debug|x64.ActiveCfg = Debug|x64
		{A8B9E9EB-04DF-4659-A564-9D9446572909}.Debug|x64.Build.0 = Debug|x64
		{A8B9E9EB-04DF-4659-A564-9D9446572909}.Debug|x86.ActiveCfg = Debug|Win32
		{A8B9E9EB-04DF-4659-A564-9D9446572909}.Debug|x86.Build.0 = Debug|Win32
		{A8B9E9EB-04DF-4659-A564-9D9446572909}.Release|x64.ActiveCfg = Release|x64
		{A8B9E9EB-04DF-4659-A564-9D9446572909}.Release|x64.Build.0 = Release|x64
		{A8B9E9EB-04DF-4659-A564-9D9446572909}.Release|x86.ActiveCfg = Release|Win32
		{A8B9E9EB-04DF-4659-A564-9D9446572909}.Release|x86.Build.0 = Release|Win32
		{3815B3AE-A143-46ED-BCA9-EA017AFFBD67}.Debug|x64.ActiveCfg = Debug|x64
		{3815B3AE-A143-46ED-BCA9-EA017AFFBD67}.Debug|x64.Build.0 = Debug|x64
		{3815B3AE-A143-46ED-BCA9-EA017AFFBD67}.Debug|x86.ActiveCfg = Debug|Win32
		{3815B3AE-A143-46ED-BCA9-EA017AFFBD67}.Debug|x86.Build.0 = Debug|Win32
		{3815B3AE-A143-46ED-BCA9-EA017AFFBD67}.Release|x64.ActiveCfg = Release|x64
		{3815B3AE-A143-46ED-BCA9-EA017AFFBD67}.Release|x64.Build.0 = Release|x64
		{3815B3AE-A143-46ED-BCA9-EA017AFFBD67}.Release|x86.ActiveCfg = Release|Win32
		{3815B3AE-A143-46ED-BCA9-EA017AFFBD67}.Release|x86.Build.0 = Release|Win32
		{ED280E80-4759-4BE0-9050-731D090D904B}.Debug|x64.ActiveCfg = Debug|x64
		{ED280E80-4759-4BE0-9050-731D090D904B}.Debug|x64.Build.0 = Debug|x64
		{ED280E80-4759-4BE0-9050-731D090D904B}.Debug|x86.ActiveCfg = Debug|Win32
		{ED280E80-4759-4BE0-9050-731D090D904B}.Debug|x86.Build.0 = Debug|Win32
		{ED280E80-4759-4BE0-9050-731D090D904B}.Release|x64.ActiveCfg = Release|x64
		{ED280E80-4759-4BE0-9050-731D090D904B}.Release|x64.Build.0 = Release|x64
		{ED280E80-4759-4BE0-9050-731D090D904B}.Release|x86.ActiveCfg = Release|Win32
		{ED280E80-4759-4BE0-9050-731D090D904B}.Release|x86.Build.0 = Release|Win32
		{787AB81D-2B28-401F-A6B9-E255D8DCE3A7}.Debug|x64.ActiveCfg = Debug|x64
		{787AB81D-2B28-401F-A6B9-E255D8DCE3A7}.Debug|x64.Build.0 = Debug|x64
		{787AB81D-2B28-401F-A6B9-E255D8DCE3A7}.Debug|x86.ActiveCfg = Debug|Win32
		{787AB81D-2B28-401F-A6B9-E255D8DCE3A7}.Debug|x86.Build.0 = Debug|Win32
		{787AB81D-2B28-401F-A6B9-E255D8DCE3A7}.Release|x64.ActiveCfg = Release|x64
		{787AB81D-2B28-401F-A6B9-E255D8DCE3A7}.Release|x64.Build.0 = Release|x64
		{787AB81D-2B28-401F-A6B9-E255D8DCE3A7}.Release|x86.ActiveCfg = Release|Win32
		{787AB81D-2B28-401F-A6B9-E255D8DCE3A7}.Release|x86.Build.0 = Release|Win32
		{E2C0D488-A216-4993-A5AE-F69F7DE7E1C4}.Debug|x64.ActiveCfg = Debug|x64
		{E2C0D488-A216-4993-A5AE-F69F7DE7E1C4}.Debug|x64.Build.0 = Debug|x64
		{E2C0D488-A216-4993-A5AE-F69F7DE7E1C4}.Debug|x86.ActiveCfg = Debug|Win32
		{E2C0D488-A216-4993-A5AE-F69F7DE7E1C4}.Debug|x86.Build.0 = Debug|Win32
		{E2C0D488-A216-4993-A5AE-F69F7DE7E1C4}.Release|x64.ActiveCfg = Release|x64
		{E2C0D488-A216-4993-A5AE-F69F7DE7E1C4}.Release|x64.Build.0 = Release|x64
		{E2C0D488-A216-4993-A5AE-F69F7DE7E1C4}.Release|x86.ActiveCfg = Release|Win32
		{E2C0D488-A216-4993-A5AE-F69F7DE7E1C4}.Release|x86.Build.0 = Release|Win32
		{EED791D3-1BCE-4A51-AFE9-FA7B73F030CC}.Debug|x64.ActiveCfg = Debug|x64
		{EED791D3-1BCE-4A51-AFE9-FA7B73F030CC}.Debug|x64.Build.0 = Debug|x64
		{EED791D3-1BCE-4A51-AFE9-FA7B73F030CC}.Debug|x86.ActiveCfg = Debug|Win32
		{EED791D3-1BCE-4A51-AFE9-FA7B73F030CC}.Debug|x86.Build.0 = Debug|Win32
		{EED791D3-1BCE-4A51-AFE9-FA7B73F030CC}.Release|x64.ActiveCfg = Release|x64
		{EED791D3-1BCE-4A51-AFE9-FA7B73F030CC}.Release|x64.Build.0 = Release|x64
		{EED791D3-1BCE-4A51-AFE9-FA7B73F030CC}.Release|x86.ActiveCfg = Release|Win32
		{EED791D3-1BCE-4A51-AFE9-FA7B73F030CC}.Release|x86.Build.0 = Release|Win32
		{6BF41E32-FE70-419A-81B2-CF68662A0AE3}.Debug|x64.ActiveCfg = Debug|x64
		{6BF41E32-FE70-419A-81B2-CF68662A0AE3}.Debug|x64.Build.0 = Debug|x64
		{6BF41E32-FE70-419A-81B2-CF68662A0AE3}.Debug|x86.ActiveCfg = Debug|Win32
		{6BF41E32-FE70-419A-81B2-CF68662A0AE3}.Debug|x86.Build.0 = Debug|Win32
		{6BF41E32-FE70-419A-81B2-CF68662A0AE3}.Release|x64.ActiveCfg = Release|x64
		{6BF41E32-FE70-419A-81B2-CF68662A0AE3}.Release|x64.Build.0 = Release|x64
		{6BF41E32-FE70-419A-81B2-CF68662A0AE3}.Release|x86.ActiveCfg = Release|Win32
		{6BF41E32-FE70-419A-81B2-CF68662A0AE3}.Release|x86.Build.0 = Release|Win32
		{47AFAB65-198F-47EB-972C-AE9303C15DEF}.Debug|x64.ActiveCfg = Debug|x64
		{47AFAB65-198F-47EB-972C-AE9303C15DEF}.Debug|x64.Build.0 = Debug|x64
		{47AFAB65-198F-47EB-972C-AE9303C15DEF}.Debug|x86.ActiveCfg = Debug|Win32
		{47AFAB65-198F-47EB-972C-AE9303C15DEF}.Debug|x86.Build.0 = Debug|Win32
		{47AFAB65-198F-47EB-972C-AE9303C15DEF}.Release|x64.ActiveCfg = Release|x64
		{47AFAB65-198F-47EB-972C-AE9303C15DEF}.Release|x64.Build.0 = Release|x64
		{47AFAB65-198F-47EB-972C-AE9303C15DEF}.Release|x86.ActiveCfg = Release|Win32
		{47AFAB65-198F-47EB-972C-AE9303C15DEF}.Release|x86.Build.0 = Release|Win32
		{80EF3B33-3B0A-48E7-96CC-B48D20C31D3B}.Debug|x64.ActiveCfg = Debug|x64
		{80EF3B33-3B0A-48E7-96CC-B48D20C31D3B}.Debug|x64.Build.0 = Debug|x64
		{80EF3B33-3B0A-48E7-96CC-B48D20C31D3B}.Debug|x86.ActiveCfg = Debug|Win32
		{80EF3B33-3B0A-48E7-96CC-B48D20C31D3B}.Debug|x86.Build.0 = Debug|Win32
		{80EF3B33-3B0A-48E7-96CC-B48D20C31D3B}.Release|x64.ActiveCfg = Release|x64
		{80EF3B33-3B0A-48E7-96CC-B48D20C31D3B}.Release|x64.Build.0 = Release|x64
		{80EF3B33-3B0A-48E7-96CC-B48D20C31D3B}.Release|x86.ActiveCfg = Release|Win32
		{80EF3B33-3B0A-48E7-96CC-B48D20C31D3B}.Release|x86.Build.0 = Release|Win32
	EndGlobalSection
	GlobalSection(SolutionProperties) = preSolution
		HideSolutionNode = FALSE
	EndGlobalSection
EndGlobal
