
Microsoft Visual Studio Solution File, Format Version 12.00
# Visual Studio 15
VisualStudioVersion = 15.0.26430.14
MinimumVisualStudioVersion = 10.0.40219.1
Project("{8BC9CEB8-8B4A-11D0-8D11-00A0C91BC942}") = "exam1", "exam1\exam1.vcxproj", "{C43A4076-5C47-42A3-8B67-5BBD89E01C0A}"
EndProject
Project("{8BC9CEB8-8B4A-11D0-8D11-00A0C91BC942}") = "exam2", "exam2\exam2.vcxproj", "{BD3B2399-BE94-4F6B-B1E5-E6CEA03F5C4B}"
EndProject
Project("{8BC9CEB8-8B4A-11D0-8D11-00A0C91BC942}") = "exam3", "exam3\exam3.vcxproj", "{CA1293A1-448C-4C7A-83E5-4E44A3EDF422}"
EndProject
Project("{8BC9CEB8-8B4A-11D0-8D11-00A0C91BC942}") = "exam4", "exam4\exam4.vcxproj", "{D2339576-334F-4ED0-A9CC-2068F7C5074C}"
EndProject
Project("{8BC9CEB8-8B4A-11D0-8D11-00A0C91BC942}") = "exam5", "exam5\exam5.vcxproj", "{1B68BB52-6DE3-4320-9827-D882B3BA92C9}"
EndProject
Project("{8BC9CEB8-8B4A-11D0-8D11-00A0C91BC942}") = "exam6", "exam6\exam6.vcxproj", "{61AA1734-E209-4C85-AC6F-42A5BDD5A1B0}"
EndProject
Project("{8BC9CEB8-8B4A-11D0-8D11-00A0C91BC942}") = "exam7", "exam7\exam7.vcxproj", "{3138995C-EBB4-481E-A0DF-B3E6943A22F5}"
EndProject
Project("{8BC9CEB8-8B4A-11D0-8D11-00A0C91BC942}") = "exam8", "exam8\exam8.vcxproj", "{81FEDD2C-BECB-494C-9958-193C865BE9B3}"
EndProject
Project("{8BC9CEB8-8B4A-11D0-8D11-00A0C91BC942}") = "exam9", "exam9\exam9.vcxproj", "{5075ECB1-7C38-423E-ACCC-A44691182558}"
EndProject
Project("{8BC9CEB8-8B4A-11D0-8D11-00A0C91BC942}") = "exam10", "exam10\exam10.vcxproj", "{A2C325AB-C9E2-4148-A207-82CE7D9969B4}"
EndProject
Project("{8BC9CEB8-8B4A-11D0-8D11-00A0C91BC942}") = "exam11", "exam11\exam11.vcxproj", "{4239329F-BFF9-4D40-9A13-2FF7A8AF7813}"
EndProject
Project("{8BC9CEB8-8B4A-11D0-8D11-00A0C91BC942}") = "exam12", "exam12\exam12.vcxproj", "{D7050464-251A-4B6F-B7B1-148A7E06F987}"
EndProject
Global
	GlobalSection(SolutionConfigurationPlatforms) = preSolution
		Debug|x64 = Debug|x64
		Debug|x86 = Debug|x86
		Release|x64 = Release|x64
		Release|x86 = Release|x86
	EndGlobalSection
	GlobalSection(ProjectConfigurationPlatforms) = postSolution
		{C43A4076-5C47-42A3-8B67-5BBD89E01C0A}.Debug|x64.ActiveCfg = Debug|x64
		{C43A4076-5C47-42A3-8B67-5BBD89E01C0A}.Debug|x64.Build.0 = Debug|x64
		{C43A4076-5C47-42A3-8B67-5BBD89E01C0A}.Debug|x86.ActiveCfg = Debug|Win32
		{C43A4076-5C47-42A3-8B67-5BBD89E01C0A}.Debug|x86.Build.0 = Debug|Win32
		{C43A4076-5C47-42A3-8B67-5BBD89E01C0A}.Release|x64.ActiveCfg = Release|x64
		{C43A4076-5C47-42A3-8B67-5BBD89E01C0A}.Release|x64.Build.0 = Release|x64
		{C43A4076-5C47-42A3-8B67-5BBD89E01C0A}.Release|x86.ActiveCfg = Release|Win32
		{C43A4076-5C47-42A3-8B67-5BBD89E01C0A}.Release|x86.Build.0 = Release|Win32
		{BD3B2399-BE94-4F6B-B1E5-E6CEA03F5C4B}.Debug|x64.ActiveCfg = Debug|x64
		{BD3B2399-BE94-4F6B-B1E5-E6CEA03F5C4B}.Debug|x64.Build.0 = Debug|x64
		{BD3B2399-BE94-4F6B-B1E5-E6CEA03F5C4B}.Debug|x86.ActiveCfg = Debug|Win32
		{BD3B2399-BE94-4F6B-B1E5-E6CEA03F5C4B}.Debug|x86.Build.0 = Debug|Win32
		{BD3B2399-BE94-4F6B-B1E5-E6CEA03F5C4B}.Release|x64.ActiveCfg = Release|x64
		{BD3B2399-BE94-4F6B-B1E5-E6CEA03F5C4B}.Release|x64.Build.0 = Release|x64
		{BD3B2399-BE94-4F6B-B1E5-E6CEA03F5C4B}.Release|x86.ActiveCfg = Release|Win32
		{BD3B2399-BE94-4F6B-B1E5-E6CEA03F5C4B}.Release|x86.Build.0 = Release|Win32
		{CA1293A1-448C-4C7A-83E5-4E44A3EDF422}.Debug|x64.ActiveCfg = Debug|x64
		{CA1293A1-448C-4C7A-83E5-4E44A3EDF422}.Debug|x64.Build.0 = Debug|x64
		{CA1293A1-448C-4C7A-83E5-4E44A3EDF422}.Debug|x86.ActiveCfg = Debug|Win32
		{CA1293A1-448C-4C7A-83E5-4E44A3EDF422}.Debug|x86.Build.0 = Debug|Win32
		{CA1293A1-448C-4C7A-83E5-4E44A3EDF422}.Release|x64.ActiveCfg = Release|x64
		{CA1293A1-448C-4C7A-83E5-4E44A3EDF422}.Release|x64.Build.0 = Release|x64
		{CA1293A1-448C-4C7A-83E5-4E44A3EDF422}.Release|x86.ActiveCfg = Release|Win32
		{CA1293A1-448C-4C7A-83E5-4E44A3EDF422}.Release|x86.Build.0 = Release|Win32
		{D2339576-334F-4ED0-A9CC-2068F7C5074C}.Debug|x64.ActiveCfg = Debug|x64
		{D2339576-334F-4ED0-A9CC-2068F7C5074C}.Debug|x64.Build.0 = Debug|x64
		{D2339576-334F-4ED0-A9CC-2068F7C5074C}.Debug|x86.ActiveCfg = Debug|Win32
		{D2339576-334F-4ED0-A9CC-2068F7C5074C}.Debug|x86.Build.0 = Debug|Win32
		{D2339576-334F-4ED0-A9CC-2068F7C5074C}.Release|x64.ActiveCfg = Release|x64
		{D2339576-334F-4ED0-A9CC-2068F7C5074C}.Release|x64.Build.0 = Release|x64
		{D2339576-334F-4ED0-A9CC-2068F7C5074C}.Release|x86.ActiveCfg = Release|Win32
		{D2339576-334F-4ED0-A9CC-2068F7C5074C}.Release|x86.Build.0 = Release|Win32
		{1B68BB52-6DE3-4320-9827-D882B3BA92C9}.Debug|x64.ActiveCfg = Debug|x64
		{1B68BB52-6DE3-4320-9827-D882B3BA92C9}.Debug|x64.Build.0 = Debug|x64
		{1B68BB52-6DE3-4320-9827-D882B3BA92C9}.Debug|x86.ActiveCfg = Debug|Win32
		{1B68BB52-6DE3-4320-9827-D882B3BA92C9}.Debug|x86.Build.0 = Debug|Win32
		{1B68BB52-6DE3-4320-9827-D882B3BA92C9}.Release|x64.ActiveCfg = Release|x64
		{1B68BB52-6DE3-4320-9827-D882B3BA92C9}.Release|x64.Build.0 = Release|x64
		{1B68BB52-6DE3-4320-9827-D882B3BA92C9}.Release|x86.ActiveCfg = Release|Win32
		{1B68BB52-6DE3-4320-9827-D882B3BA92C9}.Release|x86.Build.0 = Release|Win32
		{61AA1734-E209-4C85-AC6F-42A5BDD5A1B0}.Debug|x64.ActiveCfg = Debug|x64
		{61AA1734-E209-4C85-AC6F-42A5BDD5A1B0}.Debug|x64.Build.0 = Debug|x64
		{61AA1734-E209-4C85-AC6F-42A5BDD5A1B0}.Debug|x86.ActiveCfg = Debug|Win32
		{61AA1734-E209-4C85-AC6F-42A5BDD5A1B0}.Debug|x86.Build.0 = Debug|Win32
		{61AA1734-E209-4C85-AC6F-42A5BDD5A1B0}.Release|x64.ActiveCfg = Release|x64
		{61AA1734-E209-4C85-AC6F-42A5BDD5A1B0}.Release|x64.Build.0 = Release|x64
		{61AA1734-E209-4C85-AC6F-42A5BDD5A1B0}.Release|x86.ActiveCfg = Release|Win32
		{61AA1734-E209-4C85-AC6F-42A5BDD5A1B0}.Release|x86.Build.0 = Release|Win32
		{3138995C-EBB4-481E-A0DF-B3E6943A22F5}.Debug|x64.ActiveCfg = Debug|x64
		{3138995C-EBB4-481E-A0DF-B3E6943A22F5}.Debug|x64.Build.0 = Debug|x64
		{3138995C-EBB4-481E-A0DF-B3E6943A22F5}.Debug|x86.ActiveCfg = Debug|Win32
		{3138995C-EBB4-481E-A0DF-B3E6943A22F5}.Debug|x86.Build.0 = Debug|Win32
		{3138995C-EBB4-481E-A0DF-B3E6943A22F5}.Release|x64.ActiveCfg = Release|x64
		{3138995C-EBB4-481E-A0DF-B3E6943A22F5}.Release|x64.Build.0 = Release|x64
		{3138995C-EBB4-481E-A0DF-B3E6943A22F5}.Release|x86.ActiveCfg = Release|Win32
		{3138995C-EBB4-481E-A0DF-B3E6943A22F5}.Release|x86.Build.0 = Release|Win32
		{81FEDD2C-BECB-494C-9958-193C865BE9B3}.Debug|x64.ActiveCfg = Debug|x64
		{81FEDD2C-BECB-494C-9958-193C865BE9B3}.Debug|x64.Build.0 = Debug|x64
		{81FEDD2C-BECB-494C-9958-193C865BE9B3}.Debug|x86.ActiveCfg = Debug|Win32
		{81FEDD2C-BECB-494C-9958-193C865BE9B3}.Debug|x86.Build.0 = Debug|Win32
		{81FEDD2C-BECB-494C-9958-193C865BE9B3}.Release|x64.ActiveCfg = Release|x64
		{81FEDD2C-BECB-494C-9958-193C865BE9B3}.Release|x64.Build.0 = Release|x64
		{81FEDD2C-BECB-494C-9958-193C865BE9B3}.Release|x86.ActiveCfg = Release|Win32
		{81FEDD2C-BECB-494C-9958-193C865BE9B3}.Release|x86.Build.0 = Release|Win32
		{5075ECB1-7C38-423E-ACCC-A44691182558}.Debug|x64.ActiveCfg = Debug|x64
		{5075ECB1-7C38-423E-ACCC-A44691182558}.Debug|x64.Build.0 = Debug|x64
		{5075ECB1-7C38-423E-ACCC-A44691182558}.Debug|x86.ActiveCfg = Debug|Win32
		{5075ECB1-7C38-423E-ACCC-A44691182558}.Debug|x86.Build.0 = Debug|Win32
		{5075ECB1-7C38-423E-ACCC-A44691182558}.Release|x64.ActiveCfg = Release|x64
		{5075ECB1-7C38-423E-ACCC-A44691182558}.Release|x64.Build.0 = Release|x64
		{5075ECB1-7C38-423E-ACCC-A44691182558}.Release|x86.ActiveCfg = Release|Win32
		{5075ECB1-7C38-423E-ACCC-A44691182558}.Release|x86.Build.0 = Release|Win32
		{A2C325AB-C9E2-4148-A207-82CE7D9969B4}.Debug|x64.ActiveCfg = Debug|x64
		{A2C325AB-C9E2-4148-A207-82CE7D9969B4}.Debug|x64.Build.0 = Debug|x64
		{A2C325AB-C9E2-4148-A207-82CE7D9969B4}.Debug|x86.ActiveCfg = Debug|Win32
		{A2C325AB-C9E2-4148-A207-82CE7D9969B4}.Debug|x86.Build.0 = Debug|Win32
		{A2C325AB-C9E2-4148-A207-82CE7D9969B4}.Release|x64.ActiveCfg = Release|x64
		{A2C325AB-C9E2-4148-A207-82CE7D9969B4}.Release|x64.Build.0 = Release|x64
		{A2C325AB-C9E2-4148-A207-82CE7D9969B4}.Release|x86.ActiveCfg = Release|Win32
		{A2C325AB-C9E2-4148-A207-82CE7D9969B4}.Release|x86.Build.0 = Release|Win32
		{4239329F-BFF9-4D40-9A13-2FF7A8AF7813}.Debug|x64.ActiveCfg = Debug|x64
		{4239329F-BFF9-4D40-9A13-2FF7A8AF7813}.Debug|x64.Build.0 = Debug|x64
		{4239329F-BFF9-4D40-9A13-2FF7A8AF7813}.Debug|x86.ActiveCfg = Debug|Win32
		{4239329F-BFF9-4D40-9A13-2FF7A8AF7813}.Debug|x86.Build.0 = Debug|Win32
		{4239329F-BFF9-4D40-9A13-2FF7A8AF7813}.Release|x64.ActiveCfg = Release|x64
		{4239329F-BFF9-4D40-9A13-2FF7A8AF7813}.Release|x64.Build.0 = Release|x64
		{4239329F-BFF9-4D40-9A13-2FF7A8AF7813}.Release|x86.ActiveCfg = Release|Win32
		{4239329F-BFF9-4D40-9A13-2FF7A8AF7813}.Release|x86.Build.0 = Release|Win32
		{D7050464-251A-4B6F-B7B1-148A7E06F987}.Debug|x64.ActiveCfg = Debug|x64
		{D7050464-251A-4B6F-B7B1-148A7E06F987}.Debug|x64.Build.0 = Debug|x64
		{D7050464-251A-4B6F-B7B1-148A7E06F987}.Debug|x86.ActiveCfg = Debug|Win32
		{D7050464-251A-4B6F-B7B1-148A7E06F987}.Debug|x86.Build.0 = Debug|Win32
		{D7050464-251A-4B6F-B7B1-148A7E06F987}.Release|x64.ActiveCfg = Release|x64
		{D7050464-251A-4B6F-B7B1-148A7E06F987}.Release|x64.Build.0 = Release|x64
		{D7050464-251A-4B6F-B7B1-148A7E06F987}.Release|x86.ActiveCfg = Release|Win32
		{D7050464-251A-4B6F-B7B1-148A7E06F987}.Release|x86.Build.0 = Release|Win32
	EndGlobalSection
	GlobalSection(SolutionProperties) = preSolution
		HideSolutionNode = FALSE
	EndGlobalSection
EndGlobal
