
Microsoft Visual Studio Solution File, Format Version 12.00
# Visual Studio 15
VisualStudioVersion = 15.0.26430.14
MinimumVisualStudioVersion = 10.0.40219.1
Project("{8BC9CEB8-8B4A-11D0-8D11-00A0C91BC942}") = "exam1", "exam1\exam1.vcxproj", "{E93E6AB4-044B-49B2-A396-5D5166A5BA95}"
EndProject
Project("{8BC9CEB8-8B4A-11D0-8D11-00A0C91BC942}") = "exam2", "exam2\exam2.vcxproj", "{A9C2ED92-181B-44DE-A4B7-6AC34E57A945}"
EndProject
Project("{8BC9CEB8-8B4A-11D0-8D11-00A0C91BC942}") = "exam3", "exam3\exam3.vcxproj", "{A573BD02-80DC-45BA-9254-33041EBB2F32}"
EndProject
Project("{8BC9CEB8-8B4A-11D0-8D11-00A0C91BC942}") = "exam4", "exam4\exam4.vcxproj", "{7981CDF3-F399-4C01-BEB5-473D673C0800}"
EndProject
Project("{8BC9CEB8-8B4A-11D0-8D11-00A0C91BC942}") = "exam5", "exam5\exam5.vcxproj", "{EAD0CCA3-4C4B-4B33-BAEC-EE14D6AC0F5D}"
EndProject
Project("{8BC9CEB8-8B4A-11D0-8D11-00A0C91BC942}") = "exam6", "exam6\exam6.vcxproj", "{6FEC9785-C8B8-48F8-B687-0D6A07A95045}"
EndProject
Project("{8BC9CEB8-8B4A-11D0-8D11-00A0C91BC942}") = "exam7", "exam7\exam7.vcxproj", "{A540F079-D1DC-4E1F-B8DD-69A06D0C768C}"
EndProject
Project("{8BC9CEB8-8B4A-11D0-8D11-00A0C91BC942}") = "exam8", "exam8\exam8.vcxproj", "{3AC38222-843D-4343-8013-DA54D529310C}"
EndProject
Project("{8BC9CEB8-8B4A-11D0-8D11-00A0C91BC942}") = "exam9", "exam9\exam9.vcxproj", "{5D7BAC41-CEC8-4D8B-B8CE-54D9301F8CFD}"
EndProject
Project("{8BC9CEB8-8B4A-11D0-8D11-00A0C91BC942}") = "exam10", "exam10\exam10.vcxproj", "{51AA309C-E238-47B4-82F6-E300B15E941E}"
EndProject
Project("{8BC9CEB8-8B4A-11D0-8D11-00A0C91BC942}") = "exam11", "exam11\exam11.vcxproj", "{52E0E724-31E0-4DD8-AB7D-BC2903D8448F}"
EndProject
Global
	GlobalSection(SolutionConfigurationPlatforms) = preSolution
		Debug|x64 = Debug|x64
		Debug|x86 = Debug|x86
		Release|x64 = Release|x64
		Release|x86 = Release|x86
	EndGlobalSection
	GlobalSection(ProjectConfigurationPlatforms) = postSolution
		{E93E6AB4-044B-49B2-A396-5D5166A5BA95}.Debug|x64.ActiveCfg = Debug|x64
		{E93E6AB4-044B-49B2-A396-5D5166A5BA95}.Debug|x64.Build.0 = Debug|x64
		{E93E6AB4-044B-49B2-A396-5D5166A5BA95}.Debug|x86.ActiveCfg = Debug|Win32
		{E93E6AB4-044B-49B2-A396-5D5166A5BA95}.Debug|x86.Build.0 = Debug|Win32
		{E93E6AB4-044B-49B2-A396-5D5166A5BA95}.Release|x64.ActiveCfg = Release|x64
		{E93E6AB4-044B-49B2-A396-5D5166A5BA95}.Release|x64.Build.0 = Release|x64
		{E93E6AB4-044B-49B2-A396-5D5166A5BA95}.Release|x86.ActiveCfg = Release|Win32
		{E93E6AB4-044B-49B2-A396-5D5166A5BA95}.Release|x86.Build.0 = Release|Win32
		{A9C2ED92-181B-44DE-A4B7-6AC34E57A945}.Debug|x64.ActiveCfg = Debug|x64
		{A9C2ED92-181B-44DE-A4B7-6AC34E57A945}.Debug|x64.Build.0 = Debug|x64
		{A9C2ED92-181B-44DE-A4B7-6AC34E57A945}.Debug|x86.ActiveCfg = Debug|Win32
		{A9C2ED92-181B-44DE-A4B7-6AC34E57A945}.Debug|x86.Build.0 = Debug|Win32
		{A9C2ED92-181B-44DE-A4B7-6AC34E57A945}.Release|x64.ActiveCfg = Release|x64
		{A9C2ED92-181B-44DE-A4B7-6AC34E57A945}.Release|x64.Build.0 = Release|x64
		{A9C2ED92-181B-44DE-A4B7-6AC34E57A945}.Release|x86.ActiveCfg = Release|Win32
		{A9C2ED92-181B-44DE-A4B7-6AC34E57A945}.Release|x86.Build.0 = Release|Win32
		{A573BD02-80DC-45BA-9254-33041EBB2F32}.Debug|x64.ActiveCfg = Debug|x64
		{A573BD02-80DC-45BA-9254-33041EBB2F32}.Debug|x64.Build.0 = Debug|x64
		{A573BD02-80DC-45BA-9254-33041EBB2F32}.Debug|x86.ActiveCfg = Debug|Win32
		{A573BD02-80DC-45BA-9254-33041EBB2F32}.Debug|x86.Build.0 = Debug|Win32
		{A573BD02-80DC-45BA-9254-33041EBB2F32}.Release|x64.ActiveCfg = Release|x64
		{A573BD02-80DC-45BA-9254-33041EBB2F32}.Release|x64.Build.0 = Release|x64
		{A573BD02-80DC-45BA-9254-33041EBB2F32}.Release|x86.ActiveCfg = Release|Win32
		{A573BD02-80DC-45BA-9254-33041EBB2F32}.Release|x86.Build.0 = Release|Win32
		{7981CDF3-F399-4C01-BEB5-473D673C0800}.Debug|x64.ActiveCfg = Debug|x64
		{7981CDF3-F399-4C01-BEB5-473D673C0800}.Debug|x64.Build.0 = Debug|x64
		{7981CDF3-F399-4C01-BEB5-473D673C0800}.Debug|x86.ActiveCfg = Debug|Win32
		{7981CDF3-F399-4C01-BEB5-473D673C0800}.Debug|x86.Build.0 = Debug|Win32
		{7981CDF3-F399-4C01-BEB5-473D673C0800}.Release|x64.ActiveCfg = Release|x64
		{7981CDF3-F399-4C01-BEB5-473D673C0800}.Release|x64.Build.0 = Release|x64
		{7981CDF3-F399-4C01-BEB5-473D673C0800}.Release|x86.ActiveCfg = Release|Win32
		{7981CDF3-F399-4C01-BEB5-473D673C0800}.Release|x86.Build.0 = Release|Win32
		{EAD0CCA3-4C4B-4B33-BAEC-EE14D6AC0F5D}.Debug|x64.ActiveCfg = Debug|x64
		{EAD0CCA3-4C4B-4B33-BAEC-EE14D6AC0F5D}.Debug|x64.Build.0 = Debug|x64
		{EAD0CCA3-4C4B-4B33-BAEC-EE14D6AC0F5D}.Debug|x86.ActiveCfg = Debug|Win32
		{EAD0CCA3-4C4B-4B33-BAEC-EE14D6AC0F5D}.Debug|x86.Build.0 = Debug|Win32
		{EAD0CCA3-4C4B-4B33-BAEC-EE14D6AC0F5D}.Release|x64.ActiveCfg = Release|x64
		{EAD0CCA3-4C4B-4B33-BAEC-EE14D6AC0F5D}.Release|x64.Build.0 = Release|x64
		{EAD0CCA3-4C4B-4B33-BAEC-EE14D6AC0F5D}.Release|x86.ActiveCfg = Release|Win32
		{EAD0CCA3-4C4B-4B33-BAEC-EE14D6AC0F5D}.Release|x86.Build.0 = Release|Win32
		{6FEC9785-C8B8-48F8-B687-0D6A07A95045}.Debug|x64.ActiveCfg = Debug|x64
		{6FEC9785-C8B8-48F8-B687-0D6A07A95045}.Debug|x64.Build.0 = Debug|x64
		{6FEC9785-C8B8-48F8-B687-0D6A07A95045}.Debug|x86.ActiveCfg = Debug|Win32
		{6FEC9785-C8B8-48F8-B687-0D6A07A95045}.Debug|x86.Build.0 = Debug|Win32
		{6FEC9785-C8B8-48F8-B687-0D6A07A95045}.Release|x64.ActiveCfg = Release|x64
		{6FEC9785-C8B8-48F8-B687-0D6A07A95045}.Release|x64.Build.0 = Release|x64
		{6FEC9785-C8B8-48F8-B687-0D6A07A95045}.Release|x86.ActiveCfg = Release|Win32
		{6FEC9785-C8B8-48F8-B687-0D6A07A95045}.Release|x86.Build.0 = Release|Win32
		{A540F079-D1DC-4E1F-B8DD-69A06D0C768C}.Debug|x64.ActiveCfg = Debug|x64
		{A540F079-D1DC-4E1F-B8DD-69A06D0C768C}.Debug|x64.Build.0 = Debug|x64
		{A540F079-D1DC-4E1F-B8DD-69A06D0C768C}.Debug|x86.ActiveCfg = Debug|Win32
		{A540F079-D1DC-4E1F-B8DD-69A06D0C768C}.Debug|x86.Build.0 = Debug|Win32
		{A540F079-D1DC-4E1F-B8DD-69A06D0C768C}.Release|x64.ActiveCfg = Release|x64
		{A540F079-D1DC-4E1F-B8DD-69A06D0C768C}.Release|x64.Build.0 = Release|x64
		{A540F079-D1DC-4E1F-B8DD-69A06D0C768C}.Release|x86.ActiveCfg = Release|Win32
		{A540F079-D1DC-4E1F-B8DD-69A06D0C768C}.Release|x86.Build.0 = Release|Win32
		{3AC38222-843D-4343-8013-DA54D529310C}.Debug|x64.ActiveCfg = Debug|x64
		{3AC38222-843D-4343-8013-DA54D529310C}.Debug|x64.Build.0 = Debug|x64
		{3AC38222-843D-4343-8013-DA54D529310C}.Debug|x86.ActiveCfg = Debug|Win32
		{3AC38222-843D-4343-8013-DA54D529310C}.Debug|x86.Build.0 = Debug|Win32
		{3AC38222-843D-4343-8013-DA54D529310C}.Release|x64.ActiveCfg = Release|x64
		{3AC38222-843D-4343-8013-DA54D529310C}.Release|x64.Build.0 = Release|x64
		{3AC38222-843D-4343-8013-DA54D529310C}.Release|x86.ActiveCfg = Release|Win32
		{3AC38222-843D-4343-8013-DA54D529310C}.Release|x86.Build.0 = Release|Win32
		{5D7BAC41-CEC8-4D8B-B8CE-54D9301F8CFD}.Debug|x64.ActiveCfg = Debug|x64
		{5D7BAC41-CEC8-4D8B-B8CE-54D9301F8CFD}.Debug|x64.Build.0 = Debug|x64
		{5D7BAC41-CEC8-4D8B-B8CE-54D9301F8CFD}.Debug|x86.ActiveCfg = Debug|Win32
		{5D7BAC41-CEC8-4D8B-B8CE-54D9301F8CFD}.Debug|x86.Build.0 = Debug|Win32
		{5D7BAC41-CEC8-4D8B-B8CE-54D9301F8CFD}.Release|x64.ActiveCfg = Release|x64
		{5D7BAC41-CEC8-4D8B-B8CE-54D9301F8CFD}.Release|x64.Build.0 = Release|x64
		{5D7BAC41-CEC8-4D8B-B8CE-54D9301F8CFD}.Release|x86.ActiveCfg = Release|Win32
		{5D7BAC41-CEC8-4D8B-B8CE-54D9301F8CFD}.Release|x86.Build.0 = Release|Win32
		{51AA309C-E238-47B4-82F6-E300B15E941E}.Debug|x64.ActiveCfg = Debug|x64
		{51AA309C-E238-47B4-82F6-E300B15E941E}.Debug|x64.Build.0 = Debug|x64
		{51AA309C-E238-47B4-82F6-E300B15E941E}.Debug|x86.ActiveCfg = Debug|Win32
		{51AA309C-E238-47B4-82F6-E300B15E941E}.Debug|x86.Build.0 = Debug|Win32
		{51AA309C-E238-47B4-82F6-E300B15E941E}.Release|x64.ActiveCfg = Release|x64
		{51AA309C-E238-47B4-82F6-E300B15E941E}.Release|x64.Build.0 = Release|x64
		{51AA309C-E238-47B4-82F6-E300B15E941E}.Release|x86.ActiveCfg = Release|Win32
		{51AA309C-E238-47B4-82F6-E300B15E941E}.Release|x86.Build.0 = Release|Win32
		{52E0E724-31E0-4DD8-AB7D-BC2903D8448F}.Debug|x64.ActiveCfg = Debug|x64
		{52E0E724-31E0-4DD8-AB7D-BC2903D8448F}.Debug|x64.Build.0 = Debug|x64
		{52E0E724-31E0-4DD8-AB7D-BC2903D8448F}.Debug|x86.ActiveCfg = Debug|Win32
		{52E0E724-31E0-4DD8-AB7D-BC2903D8448F}.Debug|x86.Build.0 = Debug|Win32
		{52E0E724-31E0-4DD8-AB7D-BC2903D8448F}.Release|x64.ActiveCfg = Release|x64
		{52E0E724-31E0-4DD8-AB7D-BC2903D8448F}.Release|x64.Build.0 = Release|x64
		{52E0E724-31E0-4DD8-AB7D-BC2903D8448F}.Release|x86.ActiveCfg = Release|Win32
		{52E0E724-31E0-4DD8-AB7D-BC2903D8448F}.Release|x86.Build.0 = Release|Win32
	EndGlobalSection
	GlobalSection(SolutionProperties) = preSolution
		HideSolutionNode = FALSE
	EndGlobalSection
EndGlobal
