
Microsoft Visual Studio Solution File, Format Version 12.00
# Visual Studio 15
VisualStudioVersion = 15.0.26430.13
MinimumVisualStudioVersion = 10.0.40219.1
Project("{8BC9CEB8-8B4A-11D0-8D11-00A0C91BC942}") = "exam1", "exam1\exam1.vcxproj", "{5954874E-A6D2-48D5-8DDD-78878FDB3474}"
EndProject
Project("{8BC9CEB8-8B4A-11D0-8D11-00A0C91BC942}") = "exam2", "exam2\exam2.vcxproj", "{D7262782-8FEB-40B5-BAB8-38D8DAE7BD09}"
EndProject
Project("{8BC9CEB8-8B4A-11D0-8D11-00A0C91BC942}") = "exam3", "exam3\exam3.vcxproj", "{FDF19A17-A0F2-4905-808D-EFF0259D43C3}"
EndProject
Project("{8BC9CEB8-8B4A-11D0-8D11-00A0C91BC942}") = "exam4", "exam4\exam4.vcxproj", "{EA839585-0233-4FCD-8913-0FE7091C8F87}"
EndProject
Project("{8BC9CEB8-8B4A-11D0-8D11-00A0C91BC942}") = "exam5", "exam5\exam5.vcxproj", "{A40A6B25-8A53-48DE-8A18-2AEECF936FE8}"
EndProject
Project("{8BC9CEB8-8B4A-11D0-8D11-00A0C91BC942}") = "exam6", "exam6\exam6.vcxproj", "{5A4696AF-2A5B-43B4-804D-DA3899757E53}"
EndProject
Project("{8BC9CEB8-8B4A-11D0-8D11-00A0C91BC942}") = "exam7", "exam7\exam7.vcxproj", "{EEE6CF1B-3609-4ACB-866E-6C3FE0681866}"
EndProject
Project("{8BC9CEB8-8B4A-11D0-8D11-00A0C91BC942}") = "exam8", "exam8\exam8.vcxproj", "{49CF9577-1488-44F6-8DD2-0C3618A1190C}"
EndProject
Project("{8BC9CEB8-8B4A-11D0-8D11-00A0C91BC942}") = "exam9", "exam9\exam9.vcxproj", "{67527208-714F-48CB-86E5-90AF650D1C38}"
EndProject
Project("{8BC9CEB8-8B4A-11D0-8D11-00A0C91BC942}") = "exam10", "exam10\exam10.vcxproj", "{9F760CAB-F259-48B0-AF55-222050F2E4EA}"
EndProject
Project("{8BC9CEB8-8B4A-11D0-8D11-00A0C91BC942}") = "exam11", "exam11\exam11.vcxproj", "{1A573E5F-B880-43AC-9C0A-93EC81A3975D}"
EndProject
Global
	GlobalSection(SolutionConfigurationPlatforms) = preSolution
		Debug|x64 = Debug|x64
		Debug|x86 = Debug|x86
		Release|x64 = Release|x64
		Release|x86 = Release|x86
	EndGlobalSection
	GlobalSection(ProjectConfigurationPlatforms) = postSolution
		{5954874E-A6D2-48D5-8DDD-78878FDB3474}.Debug|x64.ActiveCfg = Debug|x64
		{5954874E-A6D2-48D5-8DDD-78878FDB3474}.Debug|x64.Build.0 = Debug|x64
		{5954874E-A6D2-48D5-8DDD-78878FDB3474}.Debug|x86.ActiveCfg = Debug|Win32
		{5954874E-A6D2-48D5-8DDD-78878FDB3474}.Debug|x86.Build.0 = Debug|Win32
		{5954874E-A6D2-48D5-8DDD-78878FDB3474}.Release|x64.ActiveCfg = Release|x64
		{5954874E-A6D2-48D5-8DDD-78878FDB3474}.Release|x64.Build.0 = Release|x64
		{5954874E-A6D2-48D5-8DDD-78878FDB3474}.Release|x86.ActiveCfg = Release|Win32
		{5954874E-A6D2-48D5-8DDD-78878FDB3474}.Release|x86.Build.0 = Release|Win32
		{D7262782-8FEB-40B5-BAB8-38D8DAE7BD09}.Debug|x64.ActiveCfg = Debug|x64
		{D7262782-8FEB-40B5-BAB8-38D8DAE7BD09}.Debug|x64.Build.0 = Debug|x64
		{D7262782-8FEB-40B5-BAB8-38D8DAE7BD09}.Debug|x86.ActiveCfg = Debug|Win32
		{D7262782-8FEB-40B5-BAB8-38D8DAE7BD09}.Debug|x86.Build.0 = Debug|Win32
		{D7262782-8FEB-40B5-BAB8-38D8DAE7BD09}.Release|x64.ActiveCfg = Release|x64
		{D7262782-8FEB-40B5-BAB8-38D8DAE7BD09}.Release|x64.Build.0 = Release|x64
		{D7262782-8FEB-40B5-BAB8-38D8DAE7BD09}.Release|x86.ActiveCfg = Release|Win32
		{D7262782-8FEB-40B5-BAB8-38D8DAE7BD09}.Release|x86.Build.0 = Release|Win32
		{FDF19A17-A0F2-4905-808D-EFF0259D43C3}.Debug|x64.ActiveCfg = Debug|x64
		{FDF19A17-A0F2-4905-808D-EFF0259D43C3}.Debug|x64.Build.0 = Debug|x64
		{FDF19A17-A0F2-4905-808D-EFF0259D43C3}.Debug|x86.ActiveCfg = Debug|Win32
		{FDF19A17-A0F2-4905-808D-EFF0259D43C3}.Debug|x86.Build.0 = Debug|Win32
		{FDF19A17-A0F2-4905-808D-EFF0259D43C3}.Release|x64.ActiveCfg = Release|x64
		{FDF19A17-A0F2-4905-808D-EFF0259D43C3}.Release|x64.Build.0 = Release|x64
		{FDF19A17-A0F2-4905-808D-EFF0259D43C3}.Release|x86.ActiveCfg = Release|Win32
		{FDF19A17-A0F2-4905-808D-EFF0259D43C3}.Release|x86.Build.0 = Release|Win32
		{EA839585-0233-4FCD-8913-0FE7091C8F87}.Debug|x64.ActiveCfg = Debug|x64
		{EA839585-0233-4FCD-8913-0FE7091C8F87}.Debug|x64.Build.0 = Debug|x64
		{EA839585-0233-4FCD-8913-0FE7091C8F87}.Debug|x86.ActiveCfg = Debug|Win32
		{EA839585-0233-4FCD-8913-0FE7091C8F87}.Debug|x86.Build.0 = Debug|Win32
		{EA839585-0233-4FCD-8913-0FE7091C8F87}.Release|x64.ActiveCfg = Release|x64
		{EA839585-0233-4FCD-8913-0FE7091C8F87}.Release|x64.Build.0 = Release|x64
		{EA839585-0233-4FCD-8913-0FE7091C8F87}.Release|x86.ActiveCfg = Release|Win32
		{EA839585-0233-4FCD-8913-0FE7091C8F87}.Release|x86.Build.0 = Release|Win32
		{A40A6B25-8A53-48DE-8A18-2AEECF936FE8}.Debug|x64.ActiveCfg = Debug|x64
		{A40A6B25-8A53-48DE-8A18-2AEECF936FE8}.Debug|x64.Build.0 = Debug|x64
		{A40A6B25-8A53-48DE-8A18-2AEECF936FE8}.Debug|x86.ActiveCfg = Debug|Win32
		{A40A6B25-8A53-48DE-8A18-2AEECF936FE8}.Debug|x86.Build.0 = Debug|Win32
		{A40A6B25-8A53-48DE-8A18-2AEECF936FE8}.Release|x64.ActiveCfg = Release|x64
		{A40A6B25-8A53-48DE-8A18-2AEECF936FE8}.Release|x64.Build.0 = Release|x64
		{A40A6B25-8A53-48DE-8A18-2AEECF936FE8}.Release|x86.ActiveCfg = Release|Win32
		{A40A6B25-8A53-48DE-8A18-2AEECF936FE8}.Release|x86.Build.0 = Release|Win32
		{5A4696AF-2A5B-43B4-804D-DA3899757E53}.Debug|x64.ActiveCfg = Debug|x64
		{5A4696AF-2A5B-43B4-804D-DA3899757E53}.Debug|x64.Build.0 = Debug|x64
		{5A4696AF-2A5B-43B4-804D-DA3899757E53}.Debug|x86.ActiveCfg = Debug|Win32
		{5A4696AF-2A5B-43B4-804D-DA3899757E53}.Debug|x86.Build.0 = Debug|Win32
		{5A4696AF-2A5B-43B4-804D-DA3899757E53}.Release|x64.ActiveCfg = Release|x64
		{5A4696AF-2A5B-43B4-804D-DA3899757E53}.Release|x64.Build.0 = Release|x64
		{5A4696AF-2A5B-43B4-804D-DA3899757E53}.Release|x86.ActiveCfg = Release|Win32
		{5A4696AF-2A5B-43B4-804D-DA3899757E53}.Release|x86.Build.0 = Release|Win32
		{EEE6CF1B-3609-4ACB-866E-6C3FE0681866}.Debug|x64.ActiveCfg = Debug|x64
		{EEE6CF1B-3609-4ACB-866E-6C3FE0681866}.Debug|x64.Build.0 = Debug|x64
		{EEE6CF1B-3609-4ACB-866E-6C3FE0681866}.Debug|x86.ActiveCfg = Debug|Win32
		{EEE6CF1B-3609-4ACB-866E-6C3FE0681866}.Debug|x86.Build.0 = Debug|Win32
		{EEE6CF1B-3609-4ACB-866E-6C3FE0681866}.Release|x64.ActiveCfg = Release|x64
		{EEE6CF1B-3609-4ACB-866E-6C3FE0681866}.Release|x64.Build.0 = Release|x64
		{EEE6CF1B-3609-4ACB-866E-6C3FE0681866}.Release|x86.ActiveCfg = Release|Win32
		{EEE6CF1B-3609-4ACB-866E-6C3FE0681866}.Release|x86.Build.0 = Release|Win32
		{49CF9577-1488-44F6-8DD2-0C3618A1190C}.Debug|x64.ActiveCfg = Debug|x64
		{49CF9577-1488-44F6-8DD2-0C3618A1190C}.Debug|x64.Build.0 = Debug|x64
		{49CF9577-1488-44F6-8DD2-0C3618A1190C}.Debug|x86.ActiveCfg = Debug|Win32
		{49CF9577-1488-44F6-8DD2-0C3618A1190C}.Debug|x86.Build.0 = Debug|Win32
		{49CF9577-1488-44F6-8DD2-0C3618A1190C}.Release|x64.ActiveCfg = Release|x64
		{49CF9577-1488-44F6-8DD2-0C3618A1190C}.Release|x64.Build.0 = Release|x64
		{49CF9577-1488-44F6-8DD2-0C3618A1190C}.Release|x86.ActiveCfg = Release|Win32
		{49CF9577-1488-44F6-8DD2-0C3618A1190C}.Release|x86.Build.0 = Release|Win32
		{67527208-714F-48CB-86E5-90AF650D1C38}.Debug|x64.ActiveCfg = Debug|x64
		{67527208-714F-48CB-86E5-90AF650D1C38}.Debug|x64.Build.0 = Debug|x64
		{67527208-714F-48CB-86E5-90AF650D1C38}.Debug|x86.ActiveCfg = Debug|Win32
		{67527208-714F-48CB-86E5-90AF650D1C38}.Debug|x86.Build.0 = Debug|Win32
		{67527208-714F-48CB-86E5-90AF650D1C38}.Release|x64.ActiveCfg = Release|x64
		{67527208-714F-48CB-86E5-90AF650D1C38}.Release|x64.Build.0 = Release|x64
		{67527208-714F-48CB-86E5-90AF650D1C38}.Release|x86.ActiveCfg = Release|Win32
		{67527208-714F-48CB-86E5-90AF650D1C38}.Release|x86.Build.0 = Release|Win32
		{9F760CAB-F259-48B0-AF55-222050F2E4EA}.Debug|x64.ActiveCfg = Debug|x64
		{9F760CAB-F259-48B0-AF55-222050F2E4EA}.Debug|x64.Build.0 = Debug|x64
		{9F760CAB-F259-48B0-AF55-222050F2E4EA}.Debug|x86.ActiveCfg = Debug|Win32
		{9F760CAB-F259-48B0-AF55-222050F2E4EA}.Debug|x86.Build.0 = Debug|Win32
		{9F760CAB-F259-48B0-AF55-222050F2E4EA}.Release|x64.ActiveCfg = Release|x64
		{9F760CAB-F259-48B0-AF55-222050F2E4EA}.Release|x64.Build.0 = Release|x64
		{9F760CAB-F259-48B0-AF55-222050F2E4EA}.Release|x86.ActiveCfg = Release|Win32
		{9F760CAB-F259-48B0-AF55-222050F2E4EA}.Release|x86.Build.0 = Release|Win32
		{1A573E5F-B880-43AC-9C0A-93EC81A3975D}.Debug|x64.ActiveCfg = Debug|x64
		{1A573E5F-B880-43AC-9C0A-93EC81A3975D}.Debug|x64.Build.0 = Debug|x64
		{1A573E5F-B880-43AC-9C0A-93EC81A3975D}.Debug|x86.ActiveCfg = Debug|Win32
		{1A573E5F-B880-43AC-9C0A-93EC81A3975D}.Debug|x86.Build.0 = Debug|Win32
		{1A573E5F-B880-43AC-9C0A-93EC81A3975D}.Release|x64.ActiveCfg = Release|x64
		{1A573E5F-B880-43AC-9C0A-93EC81A3975D}.Release|x64.Build.0 = Release|x64
		{1A573E5F-B880-43AC-9C0A-93EC81A3975D}.Release|x86.ActiveCfg = Release|Win32
		{1A573E5F-B880-43AC-9C0A-93EC81A3975D}.Release|x86.Build.0 = Release|Win32
	EndGlobalSection
	GlobalSection(SolutionProperties) = preSolution
		HideSolutionNode = FALSE
	EndGlobalSection
EndGlobal
